// !$*UTF8*$!
{
	archiveVersion = 1;
	classes = {
	};
	objectVersion = 56;
	objects = {

/* Begin PBXBuildFile section */
		1BA6B0992D3CFA6B00B18768 /* AppDelegate.swift in Sources */ = {isa = PBXBuildFile; fileRef = 1BA6B0982D3CFA6B00B18768 /* AppDelegate.swift */; };
		1BA6B09B2D3CFA6B00B18768 /* SceneDelegate.swift in Sources */ = {isa = PBXBuildFile; fileRef = 1BA6B09A2D3CFA6B00B18768 /* SceneDelegate.swift */; };
		1BA6B09D2D3CFA6B00B18768 /* ViewController.swift in Sources */ = {isa = PBXBuildFile; fileRef = 1BA6B09C2D3CFA6B00B18768 /* ViewController.swift */; };
		1BA6B0A02D3CFA6B00B18768 /* Main.storyboard in Resources */ = {isa = PBXBuildFile; fileRef = 1BA6B09E2D3CFA6B00B18768 /* Main.storyboard */; };
		1BA6B0A22D3CFA6C00B18768 /* Assets.xcassets in Resources */ = {isa = PBXBuildFile; fileRef = 1BA6B0A12D3CFA6C00B18768 /* Assets.xcassets */; };
		1BA6B0A52D3CFA6C00B18768 /* LaunchScreen.storyboard in Resources */ = {isa = PBXBuildFile; fileRef = 1BA6B0A32D3CFA6C00B18768 /* LaunchScreen.storyboard */; };
		1BA6B0B02D3CFA6C00B18768 /* CalculatorTests.swift in Sources */ = {isa = PBXBuildFile; fileRef = 1BA6B0AF2D3CFA6C00B18768 /* CalculatorTests.swift */; };
		1BA6B0BA2D3CFA6C00B18768 /* CalculatorUITests.swift in Sources */ = {isa = PBXBuildFile; fileRef = 1BA6B0B92D3CFA6C00B18768 /* CalculatorUITests.swift */; };
		1BA6B0BC2D3CFA6C00B18768 /* CalculatorUITestsLaunchTests.swift in Sources */ = {isa = PBXBuildFile; fileRef = 1BA6B0BB2D3CFA6C00B18768 /* CalculatorUITestsLaunchTests.swift */; };
		1BA6B0CC2D3CFAAC00B18768 /* CalculatorButtonItem.swift in Sources */ = {isa = PBXBuildFile; fileRef = 1BA6B0C82D3CFAAC00B18768 /* CalculatorButtonItem.swift */; };
		1BA6B0CD2D3CFAAC00B18768 /* CalculatorModel.swift in Sources */ = {isa = PBXBuildFile; fileRef = 1BA6B0C92D3CFAAC00B18768 /* CalculatorModel.swift */; };
		1BA6B0CE2D3CFAAC00B18768 /* CalculatorBrain.swift in Sources */ = {isa = PBXBuildFile; fileRef = 1BA6B0CA2D3CFAAC00B18768 /* CalculatorBrain.swift */; };
		1BA6B0CF2D3CFAAC00B18768 /* ContentView.swift in Sources */ = {isa = PBXBuildFile; fileRef = 1BA6B0CB2D3CFAAC00B18768 /* ContentView.swift */; };
/* End PBXBuildFile section */

/* Begin PBXContainerItemProxy section */
		1BA6B0AC2D3CFA6C00B18768 /* PBXContainerItemProxy */ = {
			isa = PBXContainerItemProxy;
			containerPortal = 1BA6B08D2D3CFA6B00B18768 /* Project object */;
			proxyType = 1;
			remoteGlobalIDString = 1BA6B0942D3CFA6B00B18768;
			remoteInfo = Calculator;
		};
		1BA6B0B62D3CFA6C00B18768 /* PBXContainerItemProxy */ = {
			isa = PBXContainerItemProxy;
			containerPortal = 1BA6B08D2D3CFA6B00B18768 /* Project object */;
			proxyType = 1;
			remoteGlobalIDString = 1BA6B0942D3CFA6B00B18768;
			remoteInfo = Calculator;
		};
/* End PBXContainerItemProxy section */

/* Begin PBXFileReference section */
		1BA6B0952D3CFA6B00B18768 /* Calculator.app */ = {isa = PBXFileReference; explicitFileType = wrapper.application; includeInIndex = 0; path = Calculator.app; sourceTree = BUILT_PRODUCTS_DIR; };
		1BA6B0982D3CFA6B00B18768 /* AppDelegate.swift */ = {isa = PBXFileReference; lastKnownFileType = sourcecode.swift; path = AppDelegate.swift; sourceTree = "<group>"; };
		1BA6B09A2D3CFA6B00B18768 /* SceneDelegate.swift */ = {isa = PBXFileReference; lastKnownFileType = sourcecode.swift; path = SceneDelegate.swift; sourceTree = "<group>"; };
		1BA6B09C2D3CFA6B00B18768 /* ViewController.swift */ = {isa = PBXFileReference; lastKnownFileType = sourcecode.swift; path = ViewController.swift; sourceTree = "<group>"; };
		1BA6B09F2D3CFA6B00B18768 /* Base */ = {isa = PBXFileReference; lastKnownFileType = file.storyboard; name = Base; path = Base.lproj/Main.storyboard; sourceTree = "<group>"; };
		1BA6B0A12D3CFA6C00B18768 /* Assets.xcassets */ = {isa = PBXFileReference; lastKnownFileType = folder.assetcatalog; path = Assets.xcassets; sourceTree = "<group>"; };
		1BA6B0A42D3CFA6C00B18768 /* Base */ = {isa = PBXFileReference; lastKnownFileType = file.storyboard; name = Base; path = Base.lproj/LaunchScreen.storyboard; sourceTree = "<group>"; };
		1BA6B0A62D3CFA6C00B18768 /* Info.plist */ = {isa = PBXFileReference; lastKnownFileType = text.plist.xml; path = Info.plist; sourceTree = "<group>"; };
		1BA6B0AB2D3CFA6C00B18768 /* CalculatorTests.xctest */ = {isa = PBXFileReference; explicitFileType = wrapper.cfbundle; includeInIndex = 0; path = CalculatorTests.xctest; sourceTree = BUILT_PRODUCTS_DIR; };
		1BA6B0AF2D3CFA6C00B18768 /* CalculatorTests.swift */ = {isa = PBXFileReference; lastKnownFileType = sourcecode.swift; path = CalculatorTests.swift; sourceTree = "<group>"; };
		1BA6B0B52D3CFA6C00B18768 /* CalculatorUITests.xctest */ = {isa = PBXFileReference; explicitFileType = wrapper.cfbundle; includeInIndex = 0; path = CalculatorUITests.xctest; sourceTree = BUILT_PRODUCTS_DIR; };
		1BA6B0B92D3CFA6C00B18768 /* CalculatorUITests.swift */ = {isa = PBXFileReference; lastKnownFileType = sourcecode.swift; path = CalculatorUITests.swift; sourceTree = "<group>"; };
		1BA6B0BB2D3CFA6C00B18768 /* CalculatorUITestsLaunchTests.swift */ = {isa = PBXFileReference; lastKnownFileType = sourcecode.swift; path = CalculatorUITestsLaunchTests.swift; sourceTree = "<group>"; };
		1BA6B0C82D3CFAAC00B18768 /* CalculatorButtonItem.swift */ = {isa = PBXFileReference; fileEncoding = 4; lastKnownFileType = sourcecode.swift; path = CalculatorButtonItem.swift; sourceTree = "<group>"; };
		1BA6B0C92D3CFAAC00B18768 /* CalculatorModel.swift */ = {isa = PBXFileReference; fileEncoding = 4; lastKnownFileType = sourcecode.swift; path = CalculatorModel.swift; sourceTree = "<group>"; };
		1BA6B0CA2D3CFAAC00B18768 /* CalculatorBrain.swift */ = {isa = PBXFileReference; fileEncoding = 4; lastKnownFileType = sourcecode.swift; path = CalculatorBrain.swift; sourceTree = "<group>"; };
		1BA6B0CB2D3CFAAC00B18768 /* ContentView.swift */ = {isa = PBXFileReference; fileEncoding = 4; lastKnownFileType = sourcecode.swift; path = ContentView.swift; sourceTree = "<group>"; };
/* End PBXFileReference section */

/* Begin PBXFrameworksBuildPhase section */
		1BA6B0922D3CFA6B00B18768 /* Frameworks */ = {
			isa = PBXFrameworksBuildPhase;
			buildActionMask = 2147483647;
			files = (
			);
			runOnlyForDeploymentPostprocessing = 0;
		};
		1BA6B0A82D3CFA6C00B18768 /* Frameworks */ = {
			isa = PBXFrameworksBuildPhase;
			buildActionMask = 2147483647;
			files = (
			);
			runOnlyForDeploymentPostprocessing = 0;
		};
		1BA6B0B22D3CFA6C00B18768 /* Frameworks */ = {
			isa = PBXFrameworksBuildPhase;
			buildActionMask = 2147483647;
			files = (
			);
			runOnlyForDeploymentPostprocessing = 0;
		};
/* End PBXFrameworksBuildPhase section */

/* Begin PBXGroup section */
		1BA6B08C2D3CFA6B00B18768 = {
			isa = PBXGroup;
			children = (
				1BA6B0972D3CFA6B00B18768 /* Calculator */,
				1BA6B0AE2D3CFA6C00B18768 /* CalculatorTests */,
				1BA6B0B82D3CFA6C00B18768 /* CalculatorUITests */,
				1BA6B0962D3CFA6B00B18768 /* Products */,
			);
			sourceTree = "<group>";
		};
		1BA6B0962D3CFA6B00B18768 /* Products */ = {
			isa = PBXGroup;
			children = (
				1BA6B0952D3CFA6B00B18768 /* Calculator.app */,
				1BA6B0AB2D3CFA6C00B18768 /* CalculatorTests.xctest */,
				1BA6B0B52D3CFA6C00B18768 /* CalculatorUITests.xctest */,
			);
			name = Products;
			sourceTree = "<group>";
		};
		1BA6B0972D3CFA6B00B18768 /* Calculator */ = {
			isa = PBXGroup;
			children = (
				1BA6B0982D3CFA6B00B18768 /* AppDelegate.swift */,
				1BA6B09A2D3CFA6B00B18768 /* SceneDelegate.swift */,
				1BA6B09C2D3CFA6B00B18768 /* ViewController.swift */,
				1BA6B0CA2D3CFAAC00B18768 /* CalculatorBrain.swift */,
				1BA6B0C82D3CFAAC00B18768 /* CalculatorButtonItem.swift */,
				1BA6B0C92D3CFAAC00B18768 /* CalculatorModel.swift */,
				1BA6B0CB2D3CFAAC00B18768 /* ContentView.swift */,
				1BA6B09E2D3CFA6B00B18768 /* Main.storyboard */,
				1BA6B0A12D3CFA6C00B18768 /* Assets.xcassets */,
				1BA6B0A32D3CFA6C00B18768 /* LaunchScreen.storyboard */,
				1BA6B0A62D3CFA6C00B18768 /* Info.plist */,
			);
			path = Calculator;
			sourceTree = "<group>";
		};
		1BA6B0AE2D3CFA6C00B18768 /* CalculatorTests */ = {
			isa = PBXGroup;
			children = (
				1BA6B0AF2D3CFA6C00B18768 /* CalculatorTests.swift */,
			);
			path = CalculatorTests;
			sourceTree = "<group>";
		};
		1BA6B0B82D3CFA6C00B18768 /* CalculatorUITests */ = {
			isa = PBXGroup;
			children = (
				1BA6B0B92D3CFA6C00B18768 /* CalculatorUITests.swift */,
				1BA6B0BB2D3CFA6C00B18768 /* CalculatorUITestsLaunchTests.swift */,
			);
			path = CalculatorUITests;
			sourceTree = "<group>";
		};
/* End PBXGroup section */

/* Begin PBXNativeTarget section */
		1BA6B0942D3CFA6B00B18768 /* Calculator */ = {
			isa = PBXNativeTarget;
			buildConfigurationList = 1BA6B0BF2D3CFA6C00B18768 /* Build configuration list for PBXNativeTarget "Calculator" */;
			buildPhases = (
				1BA6B0912D3CFA6B00B18768 /* Sources */,
				1BA6B0922D3CFA6B00B18768 /* Frameworks */,
				1BA6B0932D3CFA6B00B18768 /* Resources */,
			);
			buildRules = (
			);
			dependencies = (
			);
			name = Calculator;
			productName = Calculator;
			productReference = 1BA6B0952D3CFA6B00B18768 /* Calculator.app */;
			productType = "com.apple.product-type.application";
		};
		1BA6B0AA2D3CFA6C00B18768 /* CalculatorTests */ = {
			isa = PBXNativeTarget;
			buildConfigurationList = 1BA6B0C22D3CFA6C00B18768 /* Build configuration list for PBXNativeTarget "CalculatorTests" */;
			buildPhases = (
				1BA6B0A72D3CFA6C00B18768 /* Sources */,
				1BA6B0A82D3CFA6C00B18768 /* Frameworks */,
				1BA6B0A92D3CFA6C00B18768 /* Resources */,
			);
			buildRules = (
			);
			dependencies = (
				1BA6B0AD2D3CFA6C00B18768 /* PBXTargetDependency */,
			);
			name = CalculatorTests;
			productName = CalculatorTests;
			productReference = 1BA6B0AB2D3CFA6C00B18768 /* CalculatorTests.xctest */;
			productType = "com.apple.product-type.bundle.unit-test";
		};
		1BA6B0B42D3CFA6C00B18768 /* CalculatorUITests */ = {
			isa = PBXNativeTarget;
			buildConfigurationList = 1BA6B0C52D3CFA6C00B18768 /* Build configuration list for PBXNativeTarget "CalculatorUITests" */;
			buildPhases = (
				1BA6B0B12D3CFA6C00B18768 /* Sources */,
				1BA6B0B22D3CFA6C00B18768 /* Frameworks */,
				1BA6B0B32D3CFA6C00B18768 /* Resources */,
			);
			buildRules = (
			);
			dependencies = (
				1BA6B0B72D3CFA6C00B18768 /* PBXTargetDependency */,
			);
			name = CalculatorUITests;
			productName = CalculatorUITests;
			productReference = 1BA6B0B52D3CFA6C00B18768 /* CalculatorUITests.xctest */;
			productType = "com.apple.product-type.bundle.ui-testing";
		};
/* End PBXNativeTarget section */

/* Begin PBXProject section */
		1BA6B08D2D3CFA6B00B18768 /* Project object */ = {
			isa = PBXProject;
			attributes = {
				BuildIndependentTargetsInParallel = 1;
				LastSwiftUpdateCheck = 1520;
				LastUpgradeCheck = 1520;
				TargetAttributes = {
					1BA6B0942D3CFA6B00B18768 = {
						CreatedOnToolsVersion = 15.2;
					};
					1BA6B0AA2D3CFA6C00B18768 = {
						CreatedOnToolsVersion = 15.2;
						TestTargetID = 1BA6B0942D3CFA6B00B18768;
					};
					1BA6B0B42D3CFA6C00B18768 = {
						CreatedOnToolsVersion = 15.2;
						TestTargetID = 1BA6B0942D3CFA6B00B18768;
					};
				};
			};
			buildConfigurationList = 1BA6B0902D3CFA6B00B18768 /* Build configuration list for PBXProject "Calculator" */;
			compatibilityVersion = "Xcode 14.0";
			developmentRegion = en;
			hasScannedForEncodings = 0;
			knownRegions = (
				en,
				Base,
			);
			mainGroup = 1BA6B08C2D3CFA6B00B18768;
			productRefGroup = 1BA6B0962D3CFA6B00B18768 /* Products */;
			projectDirPath = "";
			projectRoot = "";
			targets = (
				1BA6B0942D3CFA6B00B18768 /* Calculator */,
				1BA6B0AA2D3CFA6C00B18768 /* CalculatorTests */,
				1BA6B0B42D3CFA6C00B18768 /* CalculatorUITests */,
			);
		};
/* End PBXProject section */

/* Begin PBXResourcesBuildPhase section */
		1BA6B0932D3CFA6B00B18768 /* Resources */ = {
			isa = PBXResourcesBuildPhase;
			buildActionMask = 2147483647;
			files = (
				1BA6B0A52D3CFA6C00B18768 /* LaunchScreen.storyboard in Resources */,
				1BA6B0A22D3CFA6C00B18768 /* Assets.xcassets in Resources */,
				1BA6B0A02D3CFA6B00B18768 /* Main.storyboard in Resources */,
			);
			runOnlyForDeploymentPostprocessing = 0;
		};
		1BA6B0A92D3CFA6C00B18768 /* Resources */ = {
			isa = PBXResourcesBuildPhase;
			buildActionMask = 2147483647;
			files = (
			);
			runOnlyForDeploymentPostprocessing = 0;
		};
		1BA6B0B32D3CFA6C00B18768 /* Resources */ = {
			isa = PBXResourcesBuildPhase;
			buildActionMask = 2147483647;
			files = (
			);
			runOnlyForDeploymentPostprocessing = 0;
		};
/* End PBXResourcesBuildPhase section */

/* Begin PBXSourcesBuildPhase section */
		1BA6B0912D3CFA6B00B18768 /* Sources */ = {
			isa = PBXSourcesBuildPhase;
			buildActionMask = 2147483647;
			files = (
				1BA6B0CE2D3CFAAC00B18768 /* CalculatorBrain.swift in Sources */,
				1BA6B09D2D3CFA6B00B18768 /* ViewController.swift in Sources */,
				1BA6B0CF2D3CFAAC00B18768 /* ContentView.swift in Sources */,
				1BA6B0CD2D3CFAAC00B18768 /* CalculatorModel.swift in Sources */,
				1BA6B0992D3CFA6B00B18768 /* AppDelegate.swift in Sources */,
				1BA6B0CC2D3CFAAC00B18768 /* CalculatorButtonItem.swift in Sources */,
				1BA6B09B2D3CFA6B00B18768 /* SceneDelegate.swift in Sources */,
			);
			runOnlyForDeploymentPostprocessing = 0;
		};
		1BA6B0A72D3CFA6C00B18768 /* Sources */ = {
			isa = PBXSourcesBuildPhase;
			buildActionMask = 2147483647;
			files = (
				1BA6B0B02D3CFA6C00B18768 /* CalculatorTests.swift in Sources */,
			);
			runOnlyForDeploymentPostprocessing = 0;
		};
		1BA6B0B12D3CFA6C00B18768 /* Sources */ = {
			isa = PBXSourcesBuildPhase;
			buildActionMask = 2147483647;
			files = (
				1BA6B0BC2D3CFA6C00B18768 /* CalculatorUITestsLaunchTests.swift in Sources */,
				1BA6B0BA2D3CFA6C00B18768 /* CalculatorUITests.swift in Sources */,
			);
			runOnlyForDeploymentPostprocessing = 0;
		};
/* End PBXSourcesBuildPhase section */

/* Begin PBXTargetDependency section */
		1BA6B0AD2D3CFA6C00B18768 /* PBXTargetDependency */ = {
			isa = PBXTargetDependency;
			target = 1BA6B0942D3CFA6B00B18768 /* Calculator */;
			targetProxy = 1BA6B0AC2D3CFA6C00B18768 /* PBXContainerItemProxy */;
		};
		1BA6B0B72D3CFA6C00B18768 /* PBXTargetDependency */ = {
			isa = PBXTargetDependency;
			target = 1BA6B0942D3CFA6B00B18768 /* Calculator */;
			targetProxy = 1BA6B0B62D3CFA6C00B18768 /* PBXContainerItemProxy */;
		};
/* End PBXTargetDependency section */

/* Begin PBXVariantGroup section */
		1BA6B09E2D3CFA6B00B18768 /* Main.storyboard */ = {
			isa = PBXVariantGroup;
			children = (
				1BA6B09F2D3CFA6B00B18768 /* Base */,
			);
			name = Main.storyboard;
			sourceTree = "<group>";
		};
		1BA6B0A32D3CFA6C00B18768 /* LaunchScreen.storyboard */ = {
			isa = PBXVariantGroup;
			children = (
				1BA6B0A42D3CFA6C00B18768 /* Base */,
			);
			name = LaunchScreen.storyboard;
			sourceTree = "<group>";
		};
/* End PBXVariantGroup section */

/* Begin XCBuildConfiguration section */
		1BA6B0BD2D3CFA6C00B18768 /* Debug */ = {
			isa = XCBuildConfiguration;
			buildSettings = {
				ALWAYS_SEARCH_USER_PATHS = NO;
				ASSETCATALOG_COMPILER_GENERATE_SWIFT_ASSET_SYMBOL_EXTENSIONS = YES;
				CLANG_ANALYZER_NONNULL = YES;
				CLANG_ANALYZER_NUMBER_OBJECT_CONVERSION = YES_AGGRESSIVE;
				CLANG_CXX_LANGUAGE_STANDARD = "gnu++20";
				CLANG_ENABLE_MODULES = YES;
				CLANG_ENABLE_OBJC_ARC = YES;
				CLANG_ENABLE_OBJC_WEAK = YES;
				CLANG_WARN_BLOCK_CAPTURE_AUTORELEASING = YES;
				CLANG_WARN_BOOL_CONVERSION = YES;
				CLANG_WARN_COMMA = YES;
				CLANG_WARN_CONSTANT_CONVERSION = YES;
				CLANG_WARN_DEPRECATED_OBJC_IMPLEMENTATIONS = YES;
				CLANG_WARN_DIRECT_OBJC_ISA_USAGE = YES_ERROR;
				CLANG_WARN_DOCUMENTATION_COMMENTS = YES;
				CLANG_WARN_EMPTY_BODY = YES;
				CLANG_WARN_ENUM_CONVERSION = YES;
				CLANG_WARN_INFINITE_RECURSION = YES;
				CLANG_WARN_INT_CONVERSION = YES;
				CLANG_WARN_NON_LITERAL_NULL_CONVERSION = YES;
				CLANG_WARN_OBJC_IMPLICIT_RETAIN_SELF = YES;
				CLANG_WARN_OBJC_LITERAL_CONVERSION = YES;
				CLANG_WARN_OBJC_ROOT_CLASS = YES_ERROR;
				CLANG_WARN_QUOTED_INCLUDE_IN_FRAMEWORK_HEADER = YES;
				CLANG_WARN_RANGE_LOOP_ANALYSIS = YES;
				CLANG_WARN_STRICT_PROTOTYPES = YES;
				CLANG_WARN_SUSPICIOUS_MOVE = YES;
				CLANG_WARN_UNGUARDED_AVAILABILITY = YES_AGGRESSIVE;
				CLANG_WARN_UNREACHABLE_CODE = YES;
				CLANG_WARN__DUPLICATE_METHOD_MATCH = YES;
				COPY_PHASE_STRIP = NO;
				DEBUG_INFORMATION_FORMAT = dwarf;
				ENABLE_STRICT_OBJC_MSGSEND = YES;
				ENABLE_TESTABILITY = YES;
				ENABLE_USER_SCRIPT_SANDBOXING = YES;
				GCC_C_LANGUAGE_STANDARD = gnu17;
				GCC_DYNAMIC_NO_PIC = NO;
				GCC_NO_COMMON_BLOCKS = YES;
				GCC_OPTIMIZATION_LEVEL = 0;
				GCC_PREPROCESSOR_DEFINITIONS = (
					"DEBUG=1",
					"$(inherited)",
				);
				GCC_WARN_64_TO_32_BIT_CONVERSION = YES;
				GCC_WARN_ABOUT_RETURN_TYPE = YES_ERROR;
				GCC_WARN_UNDECLARED_SELECTOR = YES;
				GCC_WARN_UNINITIALIZED_AUTOS = YES_AGGRESSIVE;
				GCC_WARN_UNUSED_FUNCTION = YES;
				GCC_WARN_UNUSED_VARIABLE = YES;
				IPHONEOS_DEPLOYMENT_TARGET = 17.2;
				LOCALIZATION_PREFERS_STRING_CATALOGS = YES;
				MTL_ENABLE_DEBUG_INFO = INCLUDE_SOURCE;
				MTL_FAST_MATH = YES;
				ONLY_ACTIVE_ARCH = YES;
				SDKROOT = iphoneos;
				SWIFT_ACTIVE_COMPILATION_CONDITIONS = "DEBUG $(inherited)";
				SWIFT_OPTIMIZATION_LEVEL = "-Onone";
			};
			name = Debug;
		};
		1BA6B0BE2D3CFA6C00B18768 /* Release */ = {
			isa = XCBuildConfiguration;
			buildSettings = {
				ALWAYS_SEARCH_USER_PATHS = NO;
				ASSETCATALOG_COMPILER_GENERATE_SWIFT_ASSET_SYMBOL_EXTENSIONS = YES;
				CLANG_ANALYZER_NONNULL = YES;
				CLANG_ANALYZER_NUMBER_OBJECT_CONVERSION = YES_AGGRESSIVE;
				CLANG_CXX_LANGUAGE_STANDARD = "gnu++20";
				CLANG_ENABLE_MODULES = YES;
				CLANG_ENABLE_OBJC_ARC = YES;
				CLANG_ENABLE_OBJC_WEAK = YES;
				CLANG_WARN_BLOCK_CAPTURE_AUTORELEASING = YES;
				CLANG_WARN_BOOL_CONVERSION = YES;
				CLANG_WARN_COMMA = YES;
				CLANG_WARN_CONSTANT_CONVERSION = YES;
				CLANG_WARN_DEPRECATED_OBJC_IMPLEMENTATIONS = YES;
				CLANG_WARN_DIRECT_OBJC_ISA_USAGE = YES_ERROR;
				CLANG_WARN_DOCUMENTATION_COMMENTS = YES;
				CLANG_WARN_EMPTY_BODY = YES;
				CLANG_WARN_ENUM_CONVERSION = YES;
				CLANG_WARN_INFINITE_RECURSION = YES;
				CLANG_WARN_INT_CONVERSION = YES;
				CLANG_WARN_NON_LITERAL_NULL_CONVERSION = YES;
				CLANG_WARN_OBJC_IMPLICIT_RETAIN_SELF = YES;
				CLANG_WARN_OBJC_LITERAL_CONVERSION = YES;
				CLANG_WARN_OBJC_ROOT_CLASS = YES_ERROR;
				CLANG_WARN_QUOTED_INCLUDE_IN_FRAMEWORK_HEADER = YES;
				CLANG_WARN_RANGE_LOOP_ANALYSIS = YES;
				CLANG_WARN_STRICT_PROTOTYPES = YES;
				CLANG_WARN_SUSPICIOUS_MOVE = YES;
				CLANG_WARN_UNGUARDED_AVAILABILITY = YES_AGGRESSIVE;
				CLANG_WARN_UNREACHABLE_CODE = YES;
				CLANG_WARN__DUPLICATE_METHOD_MATCH = YES;
				COPY_PHASE_STRIP = NO;
				DEBUG_INFORMATION_FORMAT = "dwarf-with-dsym";
				ENABLE_NS_ASSERTIONS = NO;
				ENABLE_STRICT_OBJC_MSGSEND = YES;
				ENABLE_USER_SCRIPT_SANDBOXING = YES;
				GCC_C_LANGUAGE_STANDARD = gnu17;
				GCC_NO_COMMON_BLOCKS = YES;
				GCC_WARN_64_TO_32_BIT_CONVERSION = YES;
				GCC_WARN_ABOUT_RETURN_TYPE = YES_ERROR;
				GCC_WARN_UNDECLARED_SELECTOR = YES;
				GCC_WARN_UNINITIALIZED_AUTOS = YES_AGGRESSIVE;
				GCC_WARN_UNUSED_FUNCTION = YES;
				GCC_WARN_UNUSED_VARIABLE = YES;
				IPHONEOS_DEPLOYMENT_TARGET = 17.2;
				LOCALIZATION_PREFERS_STRING_CATALOGS = YES;
				MTL_ENABLE_DEBUG_INFO = NO;
				MTL_FAST_MATH = YES;
				SDKROOT = iphoneos;
				SWIFT_COMPILATION_MODE = wholemodule;
				VALIDATE_PRODUCT = YES;
			};
			name = Release;
		};
		1BA6B0C02D3CFA6C00B18768 /* Debug */ = {
			isa = XCBuildConfiguration;
			buildSettings = {
				ASSETCATALOG_COMPILER_APPICON_NAME = AppIcon;
				ASSETCATALOG_COMPILER_GLOBAL_ACCENT_COLOR_NAME = AccentColor;
				CODE_SIGN_STYLE = Automatic;
				CURRENT_PROJECT_VERSION = 1;
				GENERATE_INFOPLIST_FILE = YES;
				INFOPLIST_FILE = Calculator/Info.plist;
				INFOPLIST_KEY_UIApplicationSupportsIndirectInputEvents = YES;
				INFOPLIST_KEY_UILaunchStoryboardName = LaunchScreen;
				INFOPLIST_KEY_UIMainStoryboardFile = Main;
				INFOPLIST_KEY_UISupportedInterfaceOrientations_iPad = "UIInterfaceOrientationPortrait UIInterfaceOrientationPortraitUpsideDown UIInterfaceOrientationLandscapeLeft UIInterfaceOrientationLandscapeRight";
				INFOPLIST_KEY_UISupportedInterfaceOrientations_iPhone = "UIInterfaceOrientationPortrait UIInterfaceOrientationLandscapeLeft UIInterfaceOrientationLandscapeRight";
				LD_RUNPATH_SEARCH_PATHS = (
					"$(inherited)",
					"@executable_path/Frameworks",
				);
				MARKETING_VERSION = 1.0;
				PRODUCT_BUNDLE_IDENTIFIER = com.swifterfit.swiftUI.Calculator;
				PRODUCT_NAME = "$(TARGET_NAME)";
				SWIFT_EMIT_LOC_STRINGS = YES;
				SWIFT_VERSION = 5.0;
				TARGETED_DEVICE_FAMILY = "1,2";
			};
			name = Debug;
		};
		1BA6B0C12D3CFA6C00B18768 /* Release */ = {
			isa = XCBuildConfiguration;
			buildSettings = {
				ASSETCATALOG_COMPILER_APPICON_NAME = AppIcon;
				ASSETCATALOG_COMPILER_GLOBAL_ACCENT_COLOR_NAME = AccentColor;
				CODE_SIGN_STYLE = Automatic;
				CURRENT_PROJECT_VERSION = 1;
				GENERATE_INFOPLIST_FILE = YES;
				INFOPLIST_FILE = Calculator/Info.plist;
				INFOPLIST_KEY_UIApplicationSupportsIndirectInputEvents = YES;
				INFOPLIST_KEY_UILaunchStoryboardName = LaunchScreen;
				INFOPLIST_KEY_UIMainStoryboardFile = Main;
				INFOPLIST_KEY_UISupportedInterfaceOrientations_iPad = "UIInterfaceOrientationPortrait UIInterfaceOrientationPortraitUpsideDown UIInterfaceOrientationLandscapeLeft UIInterfaceOrientationLandscapeRight";
				INFOPLIST_KEY_UISupportedInterfaceOrientations_iPhone = "UIInterfaceOrientationPortrait UIInterfaceOrientationLandscapeLeft UIInterfaceOrientationLandscapeRight";
				LD_RUNPATH_SEARCH_PATHS = (
					"$(inherited)",
					"@executable_path/Frameworks",
				);
				MARKETING_VERSION = 1.0;
				PRODUCT_BUNDLE_IDENTIFIER = com.swifterfit.swiftUI.Calculator;
				PRODUCT_NAME = "$(TARGET_NAME)";
				SWIFT_EMIT_LOC_STRINGS = YES;
				SWIFT_VERSION = 5.0;
				TARGETED_DEVICE_FAMILY = "1,2";
			};
			name = Release;
		};
		1BA6B0C32D3CFA6C00B18768 /* Debug */ = {
			isa = XCBuildConfiguration;
			buildSettings = {
				ALWAYS_EMBED_SWIFT_STANDARD_LIBRARIES = YES;
				BUNDLE_LOADER = "$(TEST_HOST)";
				CODE_SIGN_STYLE = Automatic;
				CURRENT_PROJECT_VERSION = 1;
				GENERATE_INFOPLIST_FILE = YES;
				IPHONEOS_DEPLOYMENT_TARGET = 17.2;
				MARKETING_VERSION = 1.0;
				PRODUCT_BUNDLE_IDENTIFIER = com.swifterfit.swiftUI.CalculatorTests;
				PRODUCT_NAME = "$(TARGET_NAME)";
				SWIFT_EMIT_LOC_STRINGS = NO;
				SWIFT_VERSION = 5.0;
				TARGETED_DEVICE_FAMILY = "1,2";
				TEST_HOST = "$(BUILT_PRODUCTS_DIR)/Calculator.app/$(BUNDLE_EXECUTABLE_FOLDER_PATH)/Calculator";
			};
			name = Debug;
		};
		1BA6B0C42D3CFA6C00B18768 /* Release */ = {
			isa = XCBuildConfiguration;
			buildSettings = {
				ALWAYS_EMBED_SWIFT_STANDARD_LIBRARIES = YES;
				BUNDLE_LOADER = "$(TEST_HOST)";
				CODE_SIGN_STYLE = Automatic;
				CURRENT_PROJECT_VERSION = 1;
				GENERATE_INFOPLIST_FILE = YES;
				IPHONEOS_DEPLOYMENT_TARGET = 17.2;
				MARKETING_VERSION = 1.0;
				PRODUCT_BUNDLE_IDENTIFIER = com.swifterfit.swiftUI.CalculatorTests;
				PRODUCT_NAME = "$(TARGET_NAME)";
				SWIFT_EMIT_LOC_STRINGS = NO;
				SWIFT_VERSION = 5.0;
				TARGETED_DEVICE_FAMILY = "1,2";
				TEST_HOST = "$(BUILT_PRODUCTS_DIR)/Calculator.app/$(BUNDLE_EXECUTABLE_FOLDER_PATH)/Calculator";
			};
			name = Release;
		};
		1BA6B0C62D3CFA6C00B18768 /* Debug */ = {
			isa = XCBuildConfiguration;
			buildSettings = {
				ALWAYS_EMBED_SWIFT_STANDARD_LIBRARIES = YES;
				CODE_SIGN_STYLE = Automatic;
				CURRENT_PROJECT_VERSION = 1;
				GENERATE_INFOPLIST_FILE = YES;
				MARKETING_VERSION = 1.0;
				PRODUCT_BUNDLE_IDENTIFIER = com.swifterfit.swiftUI.CalculatorUITests;
				PRODUCT_NAME = "$(TARGET_NAME)";
				SWIFT_EMIT_LOC_STRINGS = NO;
				SWIFT_VERSION = 5.0;
				TARGETED_DEVICE_FAMILY = "1,2";
				TEST_TARGET_NAME = Calculator;
			};
			name = Debug;
		};
		1BA6B0C72D3CFA6C00B18768 /* Release */ = {
			isa = XCBuildConfiguration;
			buildSettings = {
				ALWAYS_EMBED_SWIFT_STANDARD_LIBRARIES = YES;
				CODE_SIGN_STYLE = Automatic;
				CURRENT_PROJECT_VERSION = 1;
				GENERATE_INFOPLIST_FILE = YES;
				MARKETING_VERSION = 1.0;
				PRODUCT_BUNDLE_IDENTIFIER = com.swifterfit.swiftUI.CalculatorUITests;
				PRODUCT_NAME = "$(TARGET_NAME)";
				SWIFT_EMIT_LOC_STRINGS = NO;
				SWIFT_VERSION = 5.0;
				TARGETED_DEVICE_FAMILY = "1,2";
				TEST_TARGET_NAME = Calculator;
			};
			name = Release;
		};
/* End XCBuildConfiguration section */

/* Begin XCConfigurationList section */
		1BA6B0902D3CFA6B00B18768 /* Build configuration list for PBXProject "Calculator" */ = {
			isa = XCConfigurationList;
			buildConfigurations = (
				1BA6B0BD2D3CFA6C00B18768 /* Debug */,
				1BA6B0BE2D3CFA6C00B18768 /* Release */,
			);
			defaultConfigurationIsVisible = 0;
			defaultConfigurationName = Release;
		};
		1BA6B0BF2D3CFA6C00B18768 /* Build configuration list for PBXNativeTarget "Calculator" */ = {
			isa = XCConfigurationList;
			buildConfigurations = (
				1BA6B0C02D3CFA6C00B18768 /* Debug */,
				1BA6B0C12D3CFA6C00B18768 /* Release */,
			);
			defaultConfigurationIsVisible = 0;
			defaultConfigurationName = Release;
		};
		1BA6B0C22D3CFA6C00B18768 /* Build configuration list for PBXNativeTarget "CalculatorTests" */ = {
			isa = XCConfigurationList;
			buildConfigurations = (
				1BA6B0C32D3CFA6C00B18768 /* Debug */,
				1BA6B0C42D3CFA6C00B18768 /* Release */,
			);
			defaultConfigurationIsVisible = 0;
			defaultConfigurationName = Release;
		};
		1BA6B0C52D3CFA6C00B18768 /* Build configuration list for PBXNativeTarget "CalculatorUITests" */ = {
			isa = XCConfigurationList;
			buildConfigurations = (
				1BA6B0C62D3CFA6C00B18768 /* Debug */,
				1BA6B0C72D3CFA6C00B18768 /* Release */,
			);
			defaultConfigurationIsVisible = 0;
			defaultConfigurationName = Release;
		};
/* End XCConfigurationList section */
	};
	rootObject = 1BA6B08D2D3CFA6B00B18768 /* Project object */;
}
